<?xml version="1.0" encoding="utf-8"?>
<Project ToolsVersion="4.0" xmlns="http://schemas.microsoft.com/developer/msbuild/2003">
  <ItemGroup>
    <Filter Include="Source Files">
      <UniqueIdentifier>{ada65ada-e2e4-4105-b398-41f960259d68}</UniqueIdentifier>
      <Extensions>cpp;c;cxx;rc;def;r;odl;idl;hpj;bat</Extensions>
    </Filter>
    <Filter Include="Win32">
      <UniqueIdentifier>{45834b62-3840-4a50-b160-c26382b19409}</UniqueIdentifier>
    </Filter>
    <Filter Include="Win32\Memory">
      <UniqueIdentifier>{4819397f-516d-4267-ac9f-fc0cc89cd990}</UniqueIdentifier>
    </Filter>
    <Filter Include="Header Files">
      <UniqueIdentifier>{a359142d-95f1-4f7f-a51a-7c08c2661035}</UniqueIdentifier>
      <Extensions>h;hpp;hxx;hm;inl</Extensions>
    </Filter>
    <Filter Include="test">
      <UniqueIdentifier>{9f79a8cc-c012-42bd-ab94-f8066bfcf851}</UniqueIdentifier>
    </Filter>
    <Filter Include="Resource Files">
      <UniqueIdentifier>{5778c546-eeac-4da1-b607-3cb57b231b30}</UniqueIdentifier>
      <Extensions>ico;cur;bmp;dlg;rc2;rct;bin;rgs;gif;jpg;jpeg;jpe</Extensions>
    </Filter>
  </ItemGroup>
  <ItemGroup>
    <ClInclude Include="..\config.h">
      <Filter>Source Files</Filter>
    </ClInclude>
    <ClInclude Include="..\core.h">
      <Filter>Source Files</Filter>
    </ClInclude>
    <ClInclude Include="..\ExecDomain.h">
      <Filter>Source Files</Filter>
    </ClInclude>
    <ClInclude Include="..\Heap.h">
      <Filter>Source Files</Filter>
    </ClInclude>
    <ClInclude Include="..\List.h">
      <Filter>Source Files</Filter>
    </ClInclude>
    <ClInclude Include="..\messages.h">
      <Filter>Source Files</Filter>
    </ClInclude>
    <ClInclude Include="..\PriorityQueue.h">
      <Filter>Source Files</Filter>
    </ClInclude>
    <ClInclude Include="..\ProtDomain.h">
      <Filter>Source Files</Filter>
    </ClInclude>
    <ClInclude Include="..\SyncDomain.h">
      <Filter>Source Files</Filter>
    </ClInclude>
    <ClInclude Include="..\SyncDomainMemory.h">
      <Filter>Source Files</Filter>
    </ClInclude>
    <ClInclude Include="CostOfOperation.h">
      <Filter>Win32\Memory</Filter>
    </ClInclude>
    <ClInclude Include="LineRegions.h">
      <Filter>Win32\Memory</Filter>
    </ClInclude>
    <ClInclude Include="MemInfo.h">
      <Filter>Win32\Memory</Filter>
    </ClInclude>
    <ClInclude Include="WinMemory.h">
      <Filter>Win32\Memory</Filter>
    </ClInclude>
    <ClInclude Include="ExecDomainBase.h">
      <Filter>Win32</Filter>
    </ClInclude>
    <ClInclude Include="ProtDomainBase.h">
      <Filter>Win32</Filter>
    </ClInclude>
    <ClInclude Include="SyncDomainBase.h">
      <Filter>Win32</Filter>
    </ClInclude>
    <ClInclude Include="win32.h">
      <Filter>Win32</Filter>
    </ClInclude>
    <ClInclude Include="..\..\Include\giop.h">
      <Filter>Header Files</Filter>
    </ClInclude>
    <ClInclude Include="..\..\Include\iop.h">
      <Filter>Header Files</Filter>
    </ClInclude>
    <ClInclude Include="..\test\coltest.h">
      <Filter>test</Filter>
    </ClInclude>
    <ClInclude Include="..\test\memtest.h">
      <Filter>test</Filter>
    </ClInclude>
  </ItemGroup>
  <ItemGroup>
    <ClCompile Include="..\Heap.cpp">
      <Filter>Source Files</Filter>
    </ClCompile>
    <ClCompile Include="List.cpp">
      <Filter>Source Files</Filter>
    </ClCompile>
    <ClCompile Include="..\messages.cpp">
      <Filter>Source Files</Filter>
    </ClCompile>
    <ClCompile Include="..\PriorityQueue.cpp">
      <Filter>Source Files</Filter>
    </ClCompile>
    <ClCompile Include="..\ProtDomain.cpp">
      <Filter>Source Files</Filter>
    </ClCompile>
    <ClCompile Include="..\SyncDomain.cpp">
      <Filter>Source Files</Filter>
    </ClCompile>
    <ClCompile Include="..\SyncDomainMemory.cpp">
      <Filter>Source Files</Filter>
    </ClCompile>
    <ClCompile Include="allocate.cpp">
      <Filter>Win32\Memory</Filter>
    </ClCompile>
    <ClCompile Include="check_allocated.cpp">
      <Filter>Win32\Memory</Filter>
    </ClCompile>
    <ClCompile Include="commit.cpp">
      <Filter>Win32\Memory</Filter>
    </ClCompile>
    <ClCompile Include="copy.cpp">
      <Filter>Win32\Memory</Filter>
    </ClCompile>
    <ClCompile Include="CostOfOperation.cpp">
      <Filter>Win32\Memory</Filter>
    </ClCompile>
    <ClCompile Include="decommit.cpp">
      <Filter>Win32\Memory</Filter>
    </ClCompile>
    <ClCompile Include="get_line_state.cpp">
      <Filter>Win32\Memory</Filter>
    </ClCompile>
    <ClCompile Include="LineRegions.cpp">
      <Filter>Win32\Memory</Filter>
    </ClCompile>
    <ClCompile Include="map.cpp">
      <Filter>Win32\Memory</Filter>
    </ClCompile>
    <ClCompile Include="release.cpp">
      <Filter>Win32\Memory</Filter>
    </ClCompile>
    <ClCompile Include="reserve.cpp">
      <Filter>Win32\Memory</Filter>
    </ClCompile>
    <ClCompile Include="stack.cpp">
      <Filter>Win32\Memory</Filter>
    </ClCompile>
    <ClCompile Include="WinMemory.cpp">
      <Filter>Win32\Memory</Filter>
    </ClCompile>
    <ClCompile Include="..\test\coltest.cpp">
      <Filter>test</Filter>
    </ClCompile>
    <ClCompile Include="..\test\memtest.cpp">
      <Filter>test</Filter>
    </ClCompile>
  </ItemGroup>
  <ItemGroup>
    <Text Include="..\plan.txt" />
  </ItemGroup>
</Project>