
Microsoft Visual Studio Solution File, Format Version 12.00
# Visual Studio 15
VisualStudioVersion = 15.0.27703.2000
MinimumVisualStudioVersion = 10.0.40219.1
Project("{8BC9CEB8-8B4A-11D0-8D11-00A0C91BC942}") = "test", "test.vcxproj", "{DF0F7940-E8AB-42AF-BF34-9EB65EF7C059}"
EndProject
Project("{8BC9CEB8-8B4A-11D0-8D11-00A0C91BC942}") = "ORB", "..\..\..\..\ORB\Source\msvs\ORB.vcxproj", "{11CC69AA-ABA7-40E5-A5B5-FA0DC3E705A1}"
EndProject
Global
	GlobalSection(SolutionConfigurationPlatforms) = preSolution
		Debug|x64 = Debug|x64
		Debug|x86 = Debug|x86
		Release|x64 = Release|x64
		Release|x86 = Release|x86
	EndGlobalSection
	GlobalSection(ProjectConfigurationPlatforms) = postSolution
		{DF0F7940-E8AB-42AF-BF34-9EB65EF7C059}.Debug|x64.ActiveCfg = Debug|x64
		{DF0F7940-E8AB-42AF-BF34-9EB65EF7C059}.Debug|x64.Build.0 = Debug|x64
		{DF0F7940-E8AB-42AF-BF34-9EB65EF7C059}.Debug|x86.ActiveCfg = Debug|Win32
		{DF0F7940-E8AB-42AF-BF34-9EB65EF7C059}.Debug|x86.Build.0 = Debug|Win32
		{DF0F7940-E8AB-42AF-BF34-9EB65EF7C059}.Release|x64.ActiveCfg = Release|x64
		{DF0F7940-E8AB-42AF-BF34-9EB65EF7C059}.Release|x64.Build.0 = Release|x64
		{DF0F7940-E8AB-42AF-BF34-9EB65EF7C059}.Release|x86.ActiveCfg = Release|Win32
		{DF0F7940-E8AB-42AF-BF34-9EB65EF7C059}.Release|x86.Build.0 = Release|Win32
		{11CC69AA-ABA7-40E5-A5B5-FA0DC3E705A1}.Debug|x64.ActiveCfg = Debug|x64
		{11CC69AA-ABA7-40E5-A5B5-FA0DC3E705A1}.Debug|x64.Build.0 = Debug|x64
		{11CC69AA-ABA7-40E5-A5B5-FA0DC3E705A1}.Debug|x86.ActiveCfg = Debug|Win32
		{11CC69AA-ABA7-40E5-A5B5-FA0DC3E705A1}.Debug|x86.Build.0 = Debug|Win32
		{11CC69AA-ABA7-40E5-A5B5-FA0DC3E705A1}.Release|x64.ActiveCfg = Release|x64
		{11CC69AA-ABA7-40E5-A5B5-FA0DC3E705A1}.Release|x64.Build.0 = Release|x64
		{11CC69AA-ABA7-40E5-A5B5-FA0DC3E705A1}.Release|x86.ActiveCfg = Release|Win32
		{11CC69AA-ABA7-40E5-A5B5-FA0DC3E705A1}.Release|x86.Build.0 = Release|Win32
	EndGlobalSection
	GlobalSection(SolutionProperties) = preSolution
		HideSolutionNode = FALSE
	EndGlobalSection
	GlobalSection(ExtensibilityGlobals) = postSolution
		SolutionGuid = {89D69B44-CF0F-4B87-B2AC-1251FA4E73B9}
	EndGlobalSection
EndGlobal
